
Microsoft Visual Studio Solution File, Format Version 12.00
# Visual Studio Version 17
VisualStudioVersion = 17.8.34525.116
MinimumVisualStudioVersion = 10.0.40219.1
Project("{9A19103F-16F7-4668-BE54-9A1E7A4F7556}") = "EmployeeApi", "EmployeeApi.csproj", "{F246CE68-70BA-44D5-ADC4-3CF3D27E550D}"
EndProject
Project("{9A19103F-16F7-4668-BE54-9A1E7A4F7556}") = "EmployeeApi.Infrastructure", "..\EmployeeApi.Infrastructure\EmployeeApi.Infrastructure.csproj", "{29DFF5DC-FEFB-4F37-AEA5-28480EED6CD7}"
EndProject
Project("{9A19103F-16F7-4668-BE54-9A1E7A4F7556}") = "EmployeeApi.Core", "..\EmployeeApi.Core\EmployeeApi.Core.csproj", "{95B31047-074A-4EB2-B2B7-DB9028D22A35}"
EndProject
Project("{FAE04EC0-301F-11D3-BF4B-00C04F79EFBC}") = "EmployeeApi.Tests", "..\EmployeeApi.Tests\EmployeeApi.Tests.csproj", "{30CA7122-1A3F-452D-8D2E-AD674314C341}"
EndProject
Global
	GlobalSection(SolutionConfigurationPlatforms) = preSolution
		Debug|Any CPU = Debug|Any CPU
		Release|Any CPU = Release|Any CPU
	EndGlobalSection
	GlobalSection(ProjectConfigurationPlatforms) = postSolution
		{F246CE68-70BA-44D5-ADC4-3CF3D27E550D}.Debug|Any CPU.ActiveCfg = Debug|Any CPU
		{F246CE68-70BA-44D5-ADC4-3CF3D27E550D}.Debug|Any CPU.Build.0 = Debug|Any CPU
		{F246CE68-70BA-44D5-ADC4-3CF3D27E550D}.Release|Any CPU.ActiveCfg = Release|Any CPU
		{F246CE68-70BA-44D5-ADC4-3CF3D27E550D}.Release|Any CPU.Build.0 = Release|Any CPU
		{29DFF5DC-FEFB-4F37-AEA5-28480EED6CD7}.Debug|Any CPU.ActiveCfg = Debug|Any CPU
		{29DFF5DC-FEFB-4F37-AEA5-28480EED6CD7}.Debug|Any CPU.Build.0 = Debug|Any CPU
		{29DFF5DC-FEFB-4F37-AEA5-28480EED6CD7}.Release|Any CPU.ActiveCfg = Release|Any CPU
		{29DFF5DC-FEFB-4F37-AEA5-28480EED6CD7}.Release|Any CPU.Build.0 = Release|Any CPU
		{95B31047-074A-4EB2-B2B7-DB9028D22A35}.Debug|Any CPU.ActiveCfg = Debug|Any CPU
		{95B31047-074A-4EB2-B2B7-DB9028D22A35}.Debug|Any CPU.Build.0 = Debug|Any CPU
		{95B31047-074A-4EB2-B2B7-DB9028D22A35}.Release|Any CPU.ActiveCfg = Release|Any CPU
		{95B31047-074A-4EB2-B2B7-DB9028D22A35}.Release|Any CPU.Build.0 = Release|Any CPU
		{30CA7122-1A3F-452D-8D2E-AD674314C341}.Debug|Any CPU.ActiveCfg = Debug|Any CPU
		{30CA7122-1A3F-452D-8D2E-AD674314C341}.Debug|Any CPU.Build.0 = Debug|Any CPU
		{30CA7122-1A3F-452D-8D2E-AD674314C341}.Release|Any CPU.ActiveCfg = Release|Any CPU
		{30CA7122-1A3F-452D-8D2E-AD674314C341}.Release|Any CPU.Build.0 = Release|Any CPU
	EndGlobalSection
	GlobalSection(SolutionProperties) = preSolution
		HideSolutionNode = FALSE
	EndGlobalSection
	GlobalSection(ExtensibilityGlobals) = postSolution
		SolutionGuid = {7BE29A0C-78EC-4ABC-AFE0-185040056FBD}
	EndGlobalSection
EndGlobal
