
Microsoft Visual Studio Solution File, Format Version 12.00
# Visual Studio Version 17
VisualStudioVersion = 17.8.34525.116
MinimumVisualStudioVersion = 10.0.40219.1
Project("{FAE04EC0-301F-11D3-BF4B-00C04F79EFBC}") = "EmployeeApi", "EmployeeApi.csproj", "{F246CE68-70BA-44D5-ADC4-3CF3D27E550D}"
EndProject
Global
	GlobalSection(SolutionConfigurationPlatforms) = preSolution
		Debug|Any CPU = Debug|Any CPU
		Release|Any CPU = Release|Any CPU
	EndGlobalSection
	GlobalSection(ProjectConfigurationPlatforms) = postSolution
		{F246CE68-70BA-44D5-ADC4-3CF3D27E550D}.Debug|Any CPU.ActiveCfg = Debug|Any CPU
		{F246CE68-70BA-44D5-ADC4-3CF3D27E550D}.Debug|Any CPU.Build.0 = Debug|Any CPU
		{F246CE68-70BA-44D5-ADC4-3CF3D27E550D}.Release|Any CPU.ActiveCfg = Release|Any CPU
		{F246CE68-70BA-44D5-ADC4-3CF3D27E550D}.Release|Any CPU.Build.0 = Release|Any CPU
	EndGlobalSection
	GlobalSection(SolutionProperties) = preSolution
		HideSolutionNode = FALSE
	EndGlobalSection
	GlobalSection(ExtensibilityGlobals) = postSolution
		SolutionGuid = {7BE29A0C-78EC-4ABC-AFE0-185040056FBD}
	EndGlobalSection
EndGlobal
